{
  "externalImages": {
    "software-db": "mysql:8.4.6@sha256:869218921e61d6c3c89820955d63cca42971f0e3e6c1e2792247bbd944ebc6e9",
    "hardware-db": "timescale/timescaledb:2.21.1-pg17@sha256:c17f60ac41a9b5c529af918e8827156bb02faeddb3fab1c961b4eebe52b25d83",
    "kafka": "apache/kafka:4.3.1@sha256:77e3df9054047a88b520d0cc46e16696d3b22022e1d580aeccd2632df6532837",
    "redis": "redis:7.4.5-alpine@sha256:bb186d083732f669da90be8b0f975a37812b15e913465bb14d845db72a4e3e08",
    "nacos": "nacos/nacos-server:v2.5.1@sha256:8987908cb94ed5f9d30522a64493d35732a6c05f216d667a7addb022f3d92e80",
    "prometheus": "prom/prometheus:v3.5.0@sha256:63805ebb8d2b3920190daf1cb14a60871b16fd38bed42b857a3182bc621f4996",
    "grafana": "grafana/grafana:12.1.0@sha256:6ac590e7cabc2fbe8d7b8fc1ce9c9f0582177b334e0df9c927ebd9670469440f"
  }
}
